
Microsoft Visual Studio Solution File, Format Version 12.00
# Visual Studio Version 17
VisualStudioVersion = 17.5.33502.453
MinimumVisualStudioVersion = 10.0.40219.1
Project("{FAE04EC0-301F-11D3-BF4B-00C04F79EFBC}") = "Kontenery", "Kontenery\Kontenery.csproj", "{8E1CE6D8-0EBF-425E-AE58-99552B35F498}"
EndProject
Global
	GlobalSection(SolutionConfigurationPlatforms) = preSolution
		Debug|Any CPU = Debug|Any CPU
		Release|Any CPU = Release|Any CPU
	EndGlobalSection
	GlobalSection(ProjectConfigurationPlatforms) = postSolution
		{8E1CE6D8-0EBF-425E-AE58-99552B35F498}.Debug|Any CPU.ActiveCfg = Debug|Any CPU
		{8E1CE6D8-0EBF-425E-AE58-99552B35F498}.Debug|Any CPU.Build.0 = Debug|Any CPU
		{8E1CE6D8-0EBF-425E-AE58-99552B35F498}.Release|Any CPU.ActiveCfg = Release|Any CPU
		{8E1CE6D8-0EBF-425E-AE58-99552B35F498}.Release|Any CPU.Build.0 = Release|Any CPU
	EndGlobalSection
	GlobalSection(SolutionProperties) = preSolution
		HideSolutionNode = FALSE
	EndGlobalSection
	GlobalSection(ExtensibilityGlobals) = postSolution
		SolutionGuid = {7E56A63E-DB91-4D6F-A3F6-175EF8F3939C}
	EndGlobalSection
EndGlobal
